
Microsoft Visual Studio Solution File, Format Version 12.00
# Visual Studio Version 17
VisualStudioVersion = 17.4.33205.214
MinimumVisualStudioVersion = 10.0.40219.1
Project("{2150E333-8FDC-42A3-9474-1A3956D46DE8}") = "Others", "Others", "{C110B95E-E6B9-48BE-8680-8DDA0F31D8CF}"
	ProjectSection(SolutionItems) = preProject
		.editorconfig = .editorconfig
		.gitignore = .gitignore
		README.md = README.md
	EndProjectSection
EndProject
Project("{2150E333-8FDC-42A3-9474-1A3956D46DE8}") = "Changelogs", "Changelogs", "{287C6B18-9178-417D-B603-09C18E2D3DE9}"
	ProjectSection(SolutionItems) = preProject
		changelogs\v0.3.md = changelogs\v0.3.md
		changelogs\v0.4.md = changelogs\v0.4.md
		changelogs\v0.5.md = changelogs\v0.5.md
		changelogs\v0.6.md = changelogs\v0.6.md
	EndProjectSection
EndProject
Project("{9A19103F-16F7-4668-BE54-9A1E7A4F7556}") = "Polymerium.Trident", "src\Polymerium.Trident\Polymerium.Trident.csproj", "{22957C68-ECED-45A1-9D17-7E77B5D5955A}"
EndProject
Project("{9A19103F-16F7-4668-BE54-9A1E7A4F7556}") = "Trident.Abstractions", "src\Trident.Abstractions\Trident.Abstractions.csproj", "{F54A3B89-FAA2-4374-B7B2-2F77D9C30D07}"
EndProject
Project("{C7167F0D-BC9F-4E6E-AFE1-012C56B48DB5}") = "Polymerium.Package", "src\Polymerium.Package\Polymerium.Package.wapproj", "{62506F6F-E0A8-4049-9111-42B5E7B64FB9}"
EndProject
Project("{9A19103F-16F7-4668-BE54-9A1E7A4F7556}") = "Polymerium.App", "src\Polymerium.App\Polymerium.App.csproj", "{5AD9C489-6731-4BDA-8DD4-7E365E08FE63}"
EndProject
Global
	GlobalSection(SolutionConfigurationPlatforms) = preSolution
		Debug|Any CPU = Debug|Any CPU
		Debug|ARM64 = Debug|ARM64
		Debug|x64 = Debug|x64
		Debug|x86 = Debug|x86
		Release|Any CPU = Release|Any CPU
		Release|ARM64 = Release|ARM64
		Release|x64 = Release|x64
		Release|x86 = Release|x86
	EndGlobalSection
	GlobalSection(ProjectConfigurationPlatforms) = postSolution
		{22957C68-ECED-45A1-9D17-7E77B5D5955A}.Debug|Any CPU.ActiveCfg = Debug|Any CPU
		{22957C68-ECED-45A1-9D17-7E77B5D5955A}.Debug|Any CPU.Build.0 = Debug|Any CPU
		{22957C68-ECED-45A1-9D17-7E77B5D5955A}.Debug|ARM64.ActiveCfg = Debug|Any CPU
		{22957C68-ECED-45A1-9D17-7E77B5D5955A}.Debug|ARM64.Build.0 = Debug|Any CPU
		{22957C68-ECED-45A1-9D17-7E77B5D5955A}.Debug|x64.ActiveCfg = Debug|Any CPU
		{22957C68-ECED-45A1-9D17-7E77B5D5955A}.Debug|x64.Build.0 = Debug|Any CPU
		{22957C68-ECED-45A1-9D17-7E77B5D5955A}.Debug|x86.ActiveCfg = Debug|Any CPU
		{22957C68-ECED-45A1-9D17-7E77B5D5955A}.Debug|x86.Build.0 = Debug|Any CPU
		{22957C68-ECED-45A1-9D17-7E77B5D5955A}.Release|Any CPU.ActiveCfg = Release|Any CPU
		{22957C68-ECED-45A1-9D17-7E77B5D5955A}.Release|Any CPU.Build.0 = Release|Any CPU
		{22957C68-ECED-45A1-9D17-7E77B5D5955A}.Release|ARM64.ActiveCfg = Release|Any CPU
		{22957C68-ECED-45A1-9D17-7E77B5D5955A}.Release|ARM64.Build.0 = Release|Any CPU
		{22957C68-ECED-45A1-9D17-7E77B5D5955A}.Release|x64.ActiveCfg = Release|Any CPU
		{22957C68-ECED-45A1-9D17-7E77B5D5955A}.Release|x64.Build.0 = Release|Any CPU
		{22957C68-ECED-45A1-9D17-7E77B5D5955A}.Release|x86.ActiveCfg = Release|Any CPU
		{22957C68-ECED-45A1-9D17-7E77B5D5955A}.Release|x86.Build.0 = Release|Any CPU
		{F54A3B89-FAA2-4374-B7B2-2F77D9C30D07}.Debug|Any CPU.ActiveCfg = Debug|Any CPU
		{F54A3B89-FAA2-4374-B7B2-2F77D9C30D07}.Debug|Any CPU.Build.0 = Debug|Any CPU
		{F54A3B89-FAA2-4374-B7B2-2F77D9C30D07}.Debug|ARM64.ActiveCfg = Debug|Any CPU
		{F54A3B89-FAA2-4374-B7B2-2F77D9C30D07}.Debug|ARM64.Build.0 = Debug|Any CPU
		{F54A3B89-FAA2-4374-B7B2-2F77D9C30D07}.Debug|x64.ActiveCfg = Debug|Any CPU
		{F54A3B89-FAA2-4374-B7B2-2F77D9C30D07}.Debug|x64.Build.0 = Debug|Any CPU
		{F54A3B89-FAA2-4374-B7B2-2F77D9C30D07}.Debug|x86.ActiveCfg = Debug|Any CPU
		{F54A3B89-FAA2-4374-B7B2-2F77D9C30D07}.Debug|x86.Build.0 = Debug|Any CPU
		{F54A3B89-FAA2-4374-B7B2-2F77D9C30D07}.Release|Any CPU.ActiveCfg = Release|Any CPU
		{F54A3B89-FAA2-4374-B7B2-2F77D9C30D07}.Release|Any CPU.Build.0 = Release|Any CPU
		{F54A3B89-FAA2-4374-B7B2-2F77D9C30D07}.Release|ARM64.ActiveCfg = Release|Any CPU
		{F54A3B89-FAA2-4374-B7B2-2F77D9C30D07}.Release|ARM64.Build.0 = Release|Any CPU
		{F54A3B89-FAA2-4374-B7B2-2F77D9C30D07}.Release|x64.ActiveCfg = Release|Any CPU
		{F54A3B89-FAA2-4374-B7B2-2F77D9C30D07}.Release|x64.Build.0 = Release|Any CPU
		{F54A3B89-FAA2-4374-B7B2-2F77D9C30D07}.Release|x86.ActiveCfg = Release|Any CPU
		{F54A3B89-FAA2-4374-B7B2-2F77D9C30D07}.Release|x86.Build.0 = Release|Any CPU
		{62506F6F-E0A8-4049-9111-42B5E7B64FB9}.Debug|Any CPU.ActiveCfg = Debug|x64
		{62506F6F-E0A8-4049-9111-42B5E7B64FB9}.Debug|Any CPU.Build.0 = Debug|x64
		{62506F6F-E0A8-4049-9111-42B5E7B64FB9}.Debug|Any CPU.Deploy.0 = Debug|x64
		{62506F6F-E0A8-4049-9111-42B5E7B64FB9}.Debug|ARM64.ActiveCfg = Debug|ARM64
		{62506F6F-E0A8-4049-9111-42B5E7B64FB9}.Debug|ARM64.Build.0 = Debug|ARM64
		{62506F6F-E0A8-4049-9111-42B5E7B64FB9}.Debug|ARM64.Deploy.0 = Debug|ARM64
		{62506F6F-E0A8-4049-9111-42B5E7B64FB9}.Debug|x64.ActiveCfg = Debug|x64
		{62506F6F-E0A8-4049-9111-42B5E7B64FB9}.Debug|x64.Build.0 = Debug|x64
		{62506F6F-E0A8-4049-9111-42B5E7B64FB9}.Debug|x64.Deploy.0 = Debug|x64
		{62506F6F-E0A8-4049-9111-42B5E7B64FB9}.Debug|x86.ActiveCfg = Debug|x86
		{62506F6F-E0A8-4049-9111-42B5E7B64FB9}.Debug|x86.Build.0 = Debug|x86
		{62506F6F-E0A8-4049-9111-42B5E7B64FB9}.Debug|x86.Deploy.0 = Debug|x86
		{62506F6F-E0A8-4049-9111-42B5E7B64FB9}.Release|Any CPU.ActiveCfg = Release|x64
		{62506F6F-E0A8-4049-9111-42B5E7B64FB9}.Release|Any CPU.Build.0 = Release|x64
		{62506F6F-E0A8-4049-9111-42B5E7B64FB9}.Release|Any CPU.Deploy.0 = Release|x64
		{62506F6F-E0A8-4049-9111-42B5E7B64FB9}.Release|ARM64.ActiveCfg = Release|ARM64
		{62506F6F-E0A8-4049-9111-42B5E7B64FB9}.Release|ARM64.Build.0 = Release|ARM64
		{62506F6F-E0A8-4049-9111-42B5E7B64FB9}.Release|ARM64.Deploy.0 = Release|ARM64
		{62506F6F-E0A8-4049-9111-42B5E7B64FB9}.Release|x64.ActiveCfg = Release|x64
		{62506F6F-E0A8-4049-9111-42B5E7B64FB9}.Release|x64.Build.0 = Release|x64
		{62506F6F-E0A8-4049-9111-42B5E7B64FB9}.Release|x64.Deploy.0 = Release|x64
		{62506F6F-E0A8-4049-9111-42B5E7B64FB9}.Release|x86.ActiveCfg = Release|x86
		{62506F6F-E0A8-4049-9111-42B5E7B64FB9}.Release|x86.Build.0 = Release|x86
		{62506F6F-E0A8-4049-9111-42B5E7B64FB9}.Release|x86.Deploy.0 = Release|x86
		{5AD9C489-6731-4BDA-8DD4-7E365E08FE63}.Debug|Any CPU.ActiveCfg = Debug|x64
		{5AD9C489-6731-4BDA-8DD4-7E365E08FE63}.Debug|Any CPU.Build.0 = Debug|x64
		{5AD9C489-6731-4BDA-8DD4-7E365E08FE63}.Debug|ARM64.ActiveCfg = Debug|ARM64
		{5AD9C489-6731-4BDA-8DD4-7E365E08FE63}.Debug|ARM64.Build.0 = Debug|ARM64
		{5AD9C489-6731-4BDA-8DD4-7E365E08FE63}.Debug|x64.ActiveCfg = Debug|x64
		{5AD9C489-6731-4BDA-8DD4-7E365E08FE63}.Debug|x64.Build.0 = Debug|x64
		{5AD9C489-6731-4BDA-8DD4-7E365E08FE63}.Debug|x86.ActiveCfg = Debug|x86
		{5AD9C489-6731-4BDA-8DD4-7E365E08FE63}.Debug|x86.Build.0 = Debug|x86
		{5AD9C489-6731-4BDA-8DD4-7E365E08FE63}.Release|Any CPU.ActiveCfg = Release|x64
		{5AD9C489-6731-4BDA-8DD4-7E365E08FE63}.Release|Any CPU.Build.0 = Release|x64
		{5AD9C489-6731-4BDA-8DD4-7E365E08FE63}.Release|ARM64.ActiveCfg = Release|ARM64
		{5AD9C489-6731-4BDA-8DD4-7E365E08FE63}.Release|ARM64.Build.0 = Release|ARM64
		{5AD9C489-6731-4BDA-8DD4-7E365E08FE63}.Release|x64.ActiveCfg = Release|x64
		{5AD9C489-6731-4BDA-8DD4-7E365E08FE63}.Release|x64.Build.0 = Release|x64
		{5AD9C489-6731-4BDA-8DD4-7E365E08FE63}.Release|x86.ActiveCfg = Release|x86
		{5AD9C489-6731-4BDA-8DD4-7E365E08FE63}.Release|x86.Build.0 = Release|x86
	EndGlobalSection
	GlobalSection(SolutionProperties) = preSolution
		HideSolutionNode = FALSE
	EndGlobalSection
	GlobalSection(ExtensibilityGlobals) = postSolution
		SolutionGuid = {C1799E0C-062A-4A8B-9ABC-30F500A9AA35}
	EndGlobalSection
EndGlobal
